# DO NOT EDIT MANUALLY - Managed by Fern Replay
version: "1.0"
generations:
  - commit_sha: 48dacab674ab25c3530b0812d87376858fc10e22
    tree_hash: 1ba5688d21a4b9337a72f31f4d846289dc67a116
    timestamp: 2026-05-19T21:15:33.379Z
    cli_version: unknown
    generator_versions: {}
current_generation: 48dacab674ab25c3530b0812d87376858fc10e22
patches: []
