# DO NOT EDIT MANUALLY - Managed by Fern Replay
version: "1.0"
generations:
  - commit_sha: 48dacab674ab25c3530b0812d87376858fc10e22
    tree_hash: 1ba5688d21a4b9337a72f31f4d846289dc67a116
    timestamp: 2026-05-19T21:15:33.379Z
    cli_version: unknown
    generator_versions: {}
  - commit_sha: 1ce4a8b819946742b2328ad8c94d611190a40c8a
    tree_hash: 1c861026e382615415f57a0508adca2b615e3c32
    timestamp: 2026-07-14T16:58:10.066Z
    cli_version: unknown
    generator_versions:
      fernapi/fern-go-sdk: 1.26.1
  - commit_sha: a39109505dc17c64ce0a861a93baf32fa18ff247
    tree_hash: 48dd8d8d9093c10494f2cbb835eec394c413836f
    timestamp: 2026-08-18T17:47:06.824Z
    cli_version: unknown
    generator_versions:
      fernapi/fern-go-sdk: 1.26.1
  - commit_sha: f3a69276f7df7a05d3e1daeffb53732b195430c4
    tree_hash: 8c89fb1b2ebb8be8e81cb17f7076ff7f2abe2427
    timestamp: 2026-08-18T20:52:54.467Z
    cli_version: unknown
    generator_versions:
      fernapi/fern-go-sdk: 1.26.1
current_generation: f3a69276f7df7a05d3e1daeffb53732b195430c4
patches: []
